// !$*UTF8*$!
{
	archiveVersion = 1;
	classes = {
	};
	objectVersion = 55;
	objects = {

/* Begin PBXBuildFile section */
		CC06F893283675930071966F /* studing_swiftUIApp.swift in Sources */ = {isa = PBXBuildFile; fileRef = CC06F892283675930071966F /* studing_swiftUIApp.swift */; };
		CC06F895283675930071966F /* ContentView.swift in Sources */ = {isa = PBXBuildFile; fileRef = CC06F894283675930071966F /* ContentView.swift */; };
		CC06F897283675940071966F /* Assets.xcassets in Resources */ = {isa = PBXBuildFile; fileRef = CC06F896283675940071966F /* Assets.xcassets */; };
		CC06F89A283675940071966F /* Preview Assets.xcassets in Resources */ = {isa = PBXBuildFile; fileRef = CC06F899283675940071966F /* Preview Assets.xcassets */; };
		CC06F8A1283686E50071966F /* TextView.swift in Sources */ = {isa = PBXBuildFile; fileRef = CC06F8A0283686E50071966F /* TextView.swift */; };
		CC06F8A32836FCB90071966F /* ShapeView.swift in Sources */ = {isa = PBXBuildFile; fileRef = CC06F8A22836FCB90071966F /* ShapeView.swift */; };
		CC06F8A52837057C0071966F /* ColorView.swift in Sources */ = {isa = PBXBuildFile; fileRef = CC06F8A42837057C0071966F /* ColorView.swift */; };
		CC8B6F712843B38C001260A1 /* VStack_ZStack_HStack.swift in Sources */ = {isa = PBXBuildFile; fileRef = CC8B6F702843B38C001260A1 /* VStack_ZStack_HStack.swift */; };
		CC91950E283AF3F200B6667A /* GradientsView.swift in Sources */ = {isa = PBXBuildFile; fileRef = CC91950D283AF3F200B6667A /* GradientsView.swift */; };
		CC919510283AF8F600B6667A /* SystemIconView.swift in Sources */ = {isa = PBXBuildFile; fileRef = CC91950F283AF8F600B6667A /* SystemIconView.swift */; };
		CC976BFA283CD346000C82B4 /* ViewModifierView.swift in Sources */ = {isa = PBXBuildFile; fileRef = CC976BF9283CD346000C82B4 /* ViewModifierView.swift */; };
		CC976BFD283CD649000C82B4 /* ImageView.swift in Sources */ = {isa = PBXBuildFile; fileRef = CC976BFC283CD649000C82B4 /* ImageView.swift */; };
		CC976BFF283CD9FE000C82B4 /* FrameView.swift in Sources */ = {isa = PBXBuildFile; fileRef = CC976BFE283CD9FE000C82B4 /* FrameView.swift */; };
		CC976C01283D12EB000C82B4 /* Backround_OverlayView.swift in Sources */ = {isa = PBXBuildFile; fileRef = CC976C00283D12EB000C82B4 /* Backround_OverlayView.swift */; };
		CCDF1460283E687E0001BDCF /* RiverViewModel.swift in Sources */ = {isa = PBXBuildFile; fileRef = CCDF145F283E687E0001BDCF /* RiverViewModel.swift */; };
		CCDF1462283E688A0001BDCF /* Input_Event_Modifiers.swift in Sources */ = {isa = PBXBuildFile; fileRef = CCDF1461283E688A0001BDCF /* Input_Event_Modifiers.swift */; };
		CCDF1464283E68970001BDCF /* EnvironmentObject.swift in Sources */ = {isa = PBXBuildFile; fileRef = CCDF1463283E68970001BDCF /* EnvironmentObject.swift */; };
		CCDF1466283E68A30001BDCF /* ObservedObject_StateObject.swift in Sources */ = {isa = PBXBuildFile; fileRef = CCDF1465283E68A30001BDCF /* ObservedObject_StateObject.swift */; };
		CCDF1468283E68AC0001BDCF /* AppStorage.swift in Sources */ = {isa = PBXBuildFile; fileRef = CCDF1467283E68AC0001BDCF /* AppStorage.swift */; };
/* End PBXBuildFile section */

/* Begin PBXFileReference section */
		CC06F88F283675930071966F /* studing_swiftUI.app */ = {isa = PBXFileReference; explicitFileType = wrapper.application; includeInIndex = 0; path = studing_swiftUI.app; sourceTree = BUILT_PRODUCTS_DIR; };
		CC06F892283675930071966F /* studing_swiftUIApp.swift */ = {isa = PBXFileReference; lastKnownFileType = sourcecode.swift; path = studing_swiftUIApp.swift; sourceTree = "<group>"; };
		CC06F894283675930071966F /* ContentView.swift */ = {isa = PBXFileReference; lastKnownFileType = sourcecode.swift; path = ContentView.swift; sourceTree = "<group>"; };
		CC06F896283675940071966F /* Assets.xcassets */ = {isa = PBXFileReference; lastKnownFileType = folder.assetcatalog; path = Assets.xcassets; sourceTree = "<group>"; };
		CC06F899283675940071966F /* Preview Assets.xcassets */ = {isa = PBXFileReference; lastKnownFileType = folder.assetcatalog; path = "Preview Assets.xcassets"; sourceTree = "<group>"; };
		CC06F8A0283686E50071966F /* TextView.swift */ = {isa = PBXFileReference; lastKnownFileType = sourcecode.swift; path = TextView.swift; sourceTree = "<group>"; };
		CC06F8A22836FCB90071966F /* ShapeView.swift */ = {isa = PBXFileReference; lastKnownFileType = sourcecode.swift; path = ShapeView.swift; sourceTree = "<group>"; };
		CC06F8A42837057C0071966F /* ColorView.swift */ = {isa = PBXFileReference; lastKnownFileType = sourcecode.swift; path = ColorView.swift; sourceTree = "<group>"; };
		CC8B6F702843B38C001260A1 /* VStack_ZStack_HStack.swift */ = {isa = PBXFileReference; lastKnownFileType = sourcecode.swift; path = VStack_ZStack_HStack.swift; sourceTree = "<group>"; };
		CC91950D283AF3F200B6667A /* GradientsView.swift */ = {isa = PBXFileReference; lastKnownFileType = sourcecode.swift; path = GradientsView.swift; sourceTree = "<group>"; };
		CC91950F283AF8F600B6667A /* SystemIconView.swift */ = {isa = PBXFileReference; lastKnownFileType = sourcecode.swift; path = SystemIconView.swift; sourceTree = "<group>"; };
		CC976BF9283CD346000C82B4 /* ViewModifierView.swift */ = {isa = PBXFileReference; lastKnownFileType = sourcecode.swift; path = ViewModifierView.swift; sourceTree = "<group>"; };
		CC976BFC283CD649000C82B4 /* ImageView.swift */ = {isa = PBXFileReference; lastKnownFileType = sourcecode.swift; path = ImageView.swift; sourceTree = "<group>"; };
		CC976BFE283CD9FE000C82B4 /* FrameView.swift */ = {isa = PBXFileReference; lastKnownFileType = sourcecode.swift; path = FrameView.swift; sourceTree = "<group>"; };
		CC976C00283D12EB000C82B4 /* Backround_OverlayView.swift */ = {isa = PBXFileReference; lastKnownFileType = sourcecode.swift; path = Backround_OverlayView.swift; sourceTree = "<group>"; };
		CCDF145F283E687E0001BDCF /* RiverViewModel.swift */ = {isa = PBXFileReference; lastKnownFileType = sourcecode.swift; path = RiverViewModel.swift; sourceTree = "<group>"; };
		CCDF1461283E688A0001BDCF /* Input_Event_Modifiers.swift */ = {isa = PBXFileReference; lastKnownFileType = sourcecode.swift; path = Input_Event_Modifiers.swift; sourceTree = "<group>"; };
		CCDF1463283E68970001BDCF /* EnvironmentObject.swift */ = {isa = PBXFileReference; lastKnownFileType = sourcecode.swift; path = EnvironmentObject.swift; sourceTree = "<group>"; };
		CCDF1465283E68A30001BDCF /* ObservedObject_StateObject.swift */ = {isa = PBXFileReference; lastKnownFileType = sourcecode.swift; path = ObservedObject_StateObject.swift; sourceTree = "<group>"; };
		CCDF1467283E68AC0001BDCF /* AppStorage.swift */ = {isa = PBXFileReference; lastKnownFileType = sourcecode.swift; path = AppStorage.swift; sourceTree = "<group>"; };
/* End PBXFileReference section */

/* Begin PBXFrameworksBuildPhase section */
		CC06F88C283675930071966F /* Frameworks */ = {
			isa = PBXFrameworksBuildPhase;
			buildActionMask = 2147483647;
			files = (
			);
			runOnlyForDeploymentPostprocessing = 0;
		};
/* End PBXFrameworksBuildPhase section */

/* Begin PBXGroup section */
		CC06F886283675930071966F = {
			isa = PBXGroup;
			children = (
				CC06F891283675930071966F /* studing_swiftUI */,
				CC06F890283675930071966F /* Products */,
			);
			sourceTree = "<group>";
		};
		CC06F890283675930071966F /* Products */ = {
			isa = PBXGroup;
			children = (
				CC06F88F283675930071966F /* studing_swiftUI.app */,
			);
			name = Products;
			sourceTree = "<group>";
		};
		CC06F891283675930071966F /* studing_swiftUI */ = {
			isa = PBXGroup;
			children = (
				CC06F892283675930071966F /* studing_swiftUIApp.swift */,
				CC06F894283675930071966F /* ContentView.swift */,
				CC06F8A0283686E50071966F /* TextView.swift */,
				CC06F8A22836FCB90071966F /* ShapeView.swift */,
				CC91950D283AF3F200B6667A /* GradientsView.swift */,
				CC91950F283AF8F600B6667A /* SystemIconView.swift */,
				CC06F8A42837057C0071966F /* ColorView.swift */,
				CC976BFE283CD9FE000C82B4 /* FrameView.swift */,
				CC976BFC283CD649000C82B4 /* ImageView.swift */,
				CC976C00283D12EB000C82B4 /* Backround_OverlayView.swift */,
				CC8B6F702843B38C001260A1 /* VStack_ZStack_HStack.swift */,
				CC976BFB283CD5E0000C82B4 /* AddLearning */,
				CC06F896283675940071966F /* Assets.xcassets */,
				CC06F898283675940071966F /* Preview Content */,
			);
			path = studing_swiftUI;
			sourceTree = "<group>";
		};
		CC06F898283675940071966F /* Preview Content */ = {
			isa = PBXGroup;
			children = (
				CC06F899283675940071966F /* Preview Assets.xcassets */,
			);
			path = "Preview Content";
			sourceTree = "<group>";
		};
		CC976BFB283CD5E0000C82B4 /* AddLearning */ = {
			isa = PBXGroup;
			children = (
				CC976BF9283CD346000C82B4 /* ViewModifierView.swift */,
				CCDF145E283E68690001BDCF /* DataFlow */,
			);
			path = AddLearning;
			sourceTree = "<group>";
		};
		CCDF145E283E68690001BDCF /* DataFlow */ = {
			isa = PBXGroup;
			children = (
				CCDF145F283E687E0001BDCF /* RiverViewModel.swift */,
				CCDF1463283E68970001BDCF /* EnvironmentObject.swift */,
				CCDF1461283E688A0001BDCF /* Input_Event_Modifiers.swift */,
				CCDF1465283E68A30001BDCF /* ObservedObject_StateObject.swift */,
				CCDF1467283E68AC0001BDCF /* AppStorage.swift */,
			);
			path = DataFlow;
			sourceTree = "<group>";
		};
/* End PBXGroup section */

/* Begin PBXNativeTarget section */
		CC06F88E283675930071966F /* studing_swiftUI */ = {
			isa = PBXNativeTarget;
			buildConfigurationList = CC06F89D283675940071966F /* Build configuration list for PBXNativeTarget "studing_swiftUI" */;
			buildPhases = (
				CC06F88B283675930071966F /* Sources */,
				CC06F88C283675930071966F /* Frameworks */,
				CC06F88D283675930071966F /* Resources */,
			);
			buildRules = (
			);
			dependencies = (
			);
			name = studing_swiftUI;
			productName = studing_swiftUI;
			productReference = CC06F88F283675930071966F /* studing_swiftUI.app */;
			productType = "com.apple.product-type.application";
		};
/* End PBXNativeTarget section */

/* Begin PBXProject section */
		CC06F887283675930071966F /* Project object */ = {
			isa = PBXProject;
			attributes = {
				BuildIndependentTargetsInParallel = 1;
				LastSwiftUpdateCheck = 1330;
				LastUpgradeCheck = 1330;
				TargetAttributes = {
					CC06F88E283675930071966F = {
						CreatedOnToolsVersion = 13.3;
					};
				};
			};
			buildConfigurationList = CC06F88A283675930071966F /* Build configuration list for PBXProject "studing_swiftUI" */;
			compatibilityVersion = "Xcode 13.0";
			developmentRegion = en;
			hasScannedForEncodings = 0;
			knownRegions = (
				en,
				Base,
			);
			mainGroup = CC06F886283675930071966F;
			productRefGroup = CC06F890283675930071966F /* Products */;
			projectDirPath = "";
			projectRoot = "";
			targets = (
				CC06F88E283675930071966F /* studing_swiftUI */,
			);
		};
/* End PBXProject section */

/* Begin PBXResourcesBuildPhase section */
		CC06F88D283675930071966F /* Resources */ = {
			isa = PBXResourcesBuildPhase;
			buildActionMask = 2147483647;
			files = (
				CC06F89A283675940071966F /* Preview Assets.xcassets in Resources */,
				CC06F897283675940071966F /* Assets.xcassets in Resources */,
			);
			runOnlyForDeploymentPostprocessing = 0;
		};
/* End PBXResourcesBuildPhase section */

/* Begin PBXSourcesBuildPhase section */
		CC06F88B283675930071966F /* Sources */ = {
			isa = PBXSourcesBuildPhase;
			buildActionMask = 2147483647;
			files = (
				CCDF1462283E688A0001BDCF /* Input_Event_Modifiers.swift in Sources */,
				CCDF1468283E68AC0001BDCF /* AppStorage.swift in Sources */,
				CC06F895283675930071966F /* ContentView.swift in Sources */,
				CC06F8A1283686E50071966F /* TextView.swift in Sources */,
				CC919510283AF8F600B6667A /* SystemIconView.swift in Sources */,
				CC06F8A32836FCB90071966F /* ShapeView.swift in Sources */,
				CC06F893283675930071966F /* studing_swiftUIApp.swift in Sources */,
				CCDF1464283E68970001BDCF /* EnvironmentObject.swift in Sources */,
				CCDF1466283E68A30001BDCF /* ObservedObject_StateObject.swift in Sources */,
				CC91950E283AF3F200B6667A /* GradientsView.swift in Sources */,
				CC976BFD283CD649000C82B4 /* ImageView.swift in Sources */,
				CCDF1460283E687E0001BDCF /* RiverViewModel.swift in Sources */,
				CC976BFA283CD346000C82B4 /* ViewModifierView.swift in Sources */,
				CC976BFF283CD9FE000C82B4 /* FrameView.swift in Sources */,
				CC976C01283D12EB000C82B4 /* Backround_OverlayView.swift in Sources */,
				CC06F8A52837057C0071966F /* ColorView.swift in Sources */,
				CC8B6F712843B38C001260A1 /* VStack_ZStack_HStack.swift in Sources */,
			);
			runOnlyForDeploymentPostprocessing = 0;
		};
/* End PBXSourcesBuildPhase section */

/* Begin XCBuildConfiguration section */
		CC06F89B283675940071966F /* Debug */ = {
			isa = XCBuildConfiguration;
			buildSettings = {
				ALWAYS_SEARCH_USER_PATHS = NO;
				CLANG_ANALYZER_NONNULL = YES;
				CLANG_ANALYZER_NUMBER_OBJECT_CONVERSION = YES_AGGRESSIVE;
				CLANG_CXX_LANGUAGE_STANDARD = "gnu++17";
				CLANG_ENABLE_MODULES = YES;
				CLANG_ENABLE_OBJC_ARC = YES;
				CLANG_ENABLE_OBJC_WEAK = YES;
				CLANG_WARN_BLOCK_CAPTURE_AUTORELEASING = YES;
				CLANG_WARN_BOOL_CONVERSION = YES;
				CLANG_WARN_COMMA = YES;
				CLANG_WARN_CONSTANT_CONVERSION = YES;
				CLANG_WARN_DEPRECATED_OBJC_IMPLEMENTATIONS = YES;
				CLANG_WARN_DIRECT_OBJC_ISA_USAGE = YES_ERROR;
				CLANG_WARN_DOCUMENTATION_COMMENTS = YES;
				CLANG_WARN_EMPTY_BODY = YES;
				CLANG_WARN_ENUM_CONVERSION = YES;
				CLANG_WARN_INFINITE_RECURSION = YES;
				CLANG_WARN_INT_CONVERSION = YES;
				CLANG_WARN_NON_LITERAL_NULL_CONVERSION = YES;
				CLANG_WARN_OBJC_IMPLICIT_RETAIN_SELF = YES;
				CLANG_WARN_OBJC_LITERAL_CONVERSION = YES;
				CLANG_WARN_OBJC_ROOT_CLASS = YES_ERROR;
				CLANG_WARN_QUOTED_INCLUDE_IN_FRAMEWORK_HEADER = YES;
				CLANG_WARN_RANGE_LOOP_ANALYSIS = YES;
				CLANG_WARN_STRICT_PROTOTYPES = YES;
				CLANG_WARN_SUSPICIOUS_MOVE = YES;
				CLANG_WARN_UNGUARDED_AVAILABILITY = YES_AGGRESSIVE;
				CLANG_WARN_UNREACHABLE_CODE = YES;
				CLANG_WARN__DUPLICATE_METHOD_MATCH = YES;
				COPY_PHASE_STRIP = NO;
				DEBUG_INFORMATION_FORMAT = dwarf;
				ENABLE_STRICT_OBJC_MSGSEND = YES;
				ENABLE_TESTABILITY = YES;
				GCC_C_LANGUAGE_STANDARD = gnu11;
				GCC_DYNAMIC_NO_PIC = NO;
				GCC_NO_COMMON_BLOCKS = YES;
				GCC_OPTIMIZATION_LEVEL = 0;
				GCC_PREPROCESSOR_DEFINITIONS = (
					"DEBUG=1",
					"$(inherited)",
				);
				GCC_WARN_64_TO_32_BIT_CONVERSION = YES;
				GCC_WARN_ABOUT_RETURN_TYPE = YES_ERROR;
				GCC_WARN_UNDECLARED_SELECTOR = YES;
				GCC_WARN_UNINITIALIZED_AUTOS = YES_AGGRESSIVE;
				GCC_WARN_UNUSED_FUNCTION = YES;
				GCC_WARN_UNUSED_VARIABLE = YES;
				IPHONEOS_DEPLOYMENT_TARGET = 15.4;
				MTL_ENABLE_DEBUG_INFO = INCLUDE_SOURCE;
				MTL_FAST_MATH = YES;
				ONLY_ACTIVE_ARCH = YES;
				SDKROOT = iphoneos;
				SWIFT_ACTIVE_COMPILATION_CONDITIONS = DEBUG;
				SWIFT_OPTIMIZATION_LEVEL = "-Onone";
			};
			name = Debug;
		};
		CC06F89C283675940071966F /* Release */ = {
			isa = XCBuildConfiguration;
			buildSettings = {
				ALWAYS_SEARCH_USER_PATHS = NO;
				CLANG_ANALYZER_NONNULL = YES;
				CLANG_ANALYZER_NUMBER_OBJECT_CONVERSION = YES_AGGRESSIVE;
				CLANG_CXX_LANGUAGE_STANDARD = "gnu++17";
				CLANG_ENABLE_MODULES = YES;
				CLANG_ENABLE_OBJC_ARC = YES;
				CLANG_ENABLE_OBJC_WEAK = YES;
				CLANG_WARN_BLOCK_CAPTURE_AUTORELEASING = YES;
				CLANG_WARN_BOOL_CONVERSION = YES;
				CLANG_WARN_COMMA = YES;
				CLANG_WARN_CONSTANT_CONVERSION = YES;
				CLANG_WARN_DEPRECATED_OBJC_IMPLEMENTATIONS = YES;
				CLANG_WARN_DIRECT_OBJC_ISA_USAGE = YES_ERROR;
				CLANG_WARN_DOCUMENTATION_COMMENTS = YES;
				CLANG_WARN_EMPTY_BODY = YES;
				CLANG_WARN_ENUM_CONVERSION = YES;
				CLANG_WARN_INFINITE_RECURSION = YES;
				CLANG_WARN_INT_CONVERSION = YES;
				CLANG_WARN_NON_LITERAL_NULL_CONVERSION = YES;
				CLANG_WARN_OBJC_IMPLICIT_RETAIN_SELF = YES;
				CLANG_WARN_OBJC_LITERAL_CONVERSION = YES;
				CLANG_WARN_OBJC_ROOT_CLASS = YES_ERROR;
				CLANG_WARN_QUOTED_INCLUDE_IN_FRAMEWORK_HEADER = YES;
				CLANG_WARN_RANGE_LOOP_ANALYSIS = YES;
				CLANG_WARN_STRICT_PROTOTYPES = YES;
				CLANG_WARN_SUSPICIOUS_MOVE = YES;
				CLANG_WARN_UNGUARDED_AVAILABILITY = YES_AGGRESSIVE;
				CLANG_WARN_UNREACHABLE_CODE = YES;
				CLANG_WARN__DUPLICATE_METHOD_MATCH = YES;
				COPY_PHASE_STRIP = NO;
				DEBUG_INFORMATION_FORMAT = "dwarf-with-dsym";
				ENABLE_NS_ASSERTIONS = NO;
				ENABLE_STRICT_OBJC_MSGSEND = YES;
				GCC_C_LANGUAGE_STANDARD = gnu11;
				GCC_NO_COMMON_BLOCKS = YES;
				GCC_WARN_64_TO_32_BIT_CONVERSION = YES;
				GCC_WARN_ABOUT_RETURN_TYPE = YES_ERROR;
				GCC_WARN_UNDECLARED_SELECTOR = YES;
				GCC_WARN_UNINITIALIZED_AUTOS = YES_AGGRESSIVE;
				GCC_WARN_UNUSED_FUNCTION = YES;
				GCC_WARN_UNUSED_VARIABLE = YES;
				IPHONEOS_DEPLOYMENT_TARGET = 15.4;
				MTL_ENABLE_DEBUG_INFO = NO;
				MTL_FAST_MATH = YES;
				SDKROOT = iphoneos;
				SWIFT_COMPILATION_MODE = wholemodule;
				SWIFT_OPTIMIZATION_LEVEL = "-O";
				VALIDATE_PRODUCT = YES;
			};
			name = Release;
		};
		CC06F89E283675940071966F /* Debug */ = {
			isa = XCBuildConfiguration;
			buildSettings = {
				ASSETCATALOG_COMPILER_APPICON_NAME = AppIcon;
				ASSETCATALOG_COMPILER_GLOBAL_ACCENT_COLOR_NAME = AccentColor;
				CODE_SIGN_STYLE = Automatic;
				CURRENT_PROJECT_VERSION = 1;
				DEVELOPMENT_ASSET_PATHS = "\"studing_swiftUI/Preview Content\"";
				ENABLE_PREVIEWS = YES;
				GENERATE_INFOPLIST_FILE = YES;
				INFOPLIST_KEY_UIApplicationSceneManifest_Generation = YES;
				INFOPLIST_KEY_UIApplicationSupportsIndirectInputEvents = YES;
				INFOPLIST_KEY_UILaunchScreen_Generation = YES;
				INFOPLIST_KEY_UISupportedInterfaceOrientations_iPad = "UIInterfaceOrientationPortrait UIInterfaceOrientationPortraitUpsideDown UIInterfaceOrientationLandscapeLeft UIInterfaceOrientationLandscapeRight";
				INFOPLIST_KEY_UISupportedInterfaceOrientations_iPhone = "UIInterfaceOrientationPortrait UIInterfaceOrientationLandscapeLeft UIInterfaceOrientationLandscapeRight";
				LD_RUNPATH_SEARCH_PATHS = (
					"$(inherited)",
					"@executable_path/Frameworks",
				);
				MARKETING_VERSION = 1.0;
				PRODUCT_BUNDLE_IDENTIFIER = "Rivery.studing-swiftUI";
				PRODUCT_NAME = "$(TARGET_NAME)";
				SWIFT_EMIT_LOC_STRINGS = YES;
				SWIFT_VERSION = 5.0;
				TARGETED_DEVICE_FAMILY = "1,2";
			};
			name = Debug;
		};
		CC06F89F283675940071966F /* Release */ = {
			isa = XCBuildConfiguration;
			buildSettings = {
				ASSETCATALOG_COMPILER_APPICON_NAME = AppIcon;
				ASSETCATALOG_COMPILER_GLOBAL_ACCENT_COLOR_NAME = AccentColor;
				CODE_SIGN_STYLE = Automatic;
				CURRENT_PROJECT_VERSION = 1;
				DEVELOPMENT_ASSET_PATHS = "\"studing_swiftUI/Preview Content\"";
				ENABLE_PREVIEWS = YES;
				GENERATE_INFOPLIST_FILE = YES;
				INFOPLIST_KEY_UIApplicationSceneManifest_Generation = YES;
				INFOPLIST_KEY_UIApplicationSupportsIndirectInputEvents = YES;
				INFOPLIST_KEY_UILaunchScreen_Generation = YES;
				INFOPLIST_KEY_UISupportedInterfaceOrientations_iPad = "UIInterfaceOrientationPortrait UIInterfaceOrientationPortraitUpsideDown UIInterfaceOrientationLandscapeLeft UIInterfaceOrientationLandscapeRight";
				INFOPLIST_KEY_UISupportedInterfaceOrientations_iPhone = "UIInterfaceOrientationPortrait UIInterfaceOrientationLandscapeLeft UIInterfaceOrientationLandscapeRight";
				LD_RUNPATH_SEARCH_PATHS = (
					"$(inherited)",
					"@executable_path/Frameworks",
				);
				MARKETING_VERSION = 1.0;
				PRODUCT_BUNDLE_IDENTIFIER = "Rivery.studing-swiftUI";
				PRODUCT_NAME = "$(TARGET_NAME)";
				SWIFT_EMIT_LOC_STRINGS = YES;
				SWIFT_VERSION = 5.0;
				TARGETED_DEVICE_FAMILY = "1,2";
			};
			name = Release;
		};
/* End XCBuildConfiguration section */

/* Begin XCConfigurationList section */
		CC06F88A283675930071966F /* Build configuration list for PBXProject "studing_swiftUI" */ = {
			isa = XCConfigurationList;
			buildConfigurations = (
				CC06F89B283675940071966F /* Debug */,
				CC06F89C283675940071966F /* Release */,
			);
			defaultConfigurationIsVisible = 0;
			defaultConfigurationName = Release;
		};
		CC06F89D283675940071966F /* Build configuration list for PBXNativeTarget "studing_swiftUI" */ = {
			isa = XCConfigurationList;
			buildConfigurations = (
				CC06F89E283675940071966F /* Debug */,
				CC06F89F283675940071966F /* Release */,
			);
			defaultConfigurationIsVisible = 0;
			defaultConfigurationName = Release;
		};
/* End XCConfigurationList section */
	};
	rootObject = CC06F887283675930071966F /* Project object */;
}
